
Microsoft Visual Studio Solution File, Format Version 12.00
# Visual Studio Version 17
VisualStudioVersion = 17.9.34518.117
MinimumVisualStudioVersion = 10.0.40219.1
Project("{FAE04EC0-301F-11D3-BF4B-00C04F79EFBC}") = "OpenDataExample", "OpenDataExample.csproj", "{E58E69F3-A00C-4A47-AA0C-F7DFD2A64424}"
EndProject
Global
	GlobalSection(SolutionConfigurationPlatforms) = preSolution
		Debug|Any CPU = Debug|Any CPU
		Release|Any CPU = Release|Any CPU
	EndGlobalSection
	GlobalSection(ProjectConfigurationPlatforms) = postSolution
		{E58E69F3-A00C-4A47-AA0C-F7DFD2A64424}.Debug|Any CPU.ActiveCfg = Debug|Any CPU
		{E58E69F3-A00C-4A47-AA0C-F7DFD2A64424}.Debug|Any CPU.Build.0 = Debug|Any CPU
		{E58E69F3-A00C-4A47-AA0C-F7DFD2A64424}.Release|Any CPU.ActiveCfg = Release|Any CPU
		{E58E69F3-A00C-4A47-AA0C-F7DFD2A64424}.Release|Any CPU.Build.0 = Release|Any CPU
	EndGlobalSection
	GlobalSection(SolutionProperties) = preSolution
		HideSolutionNode = FALSE
	EndGlobalSection
	GlobalSection(ExtensibilityGlobals) = postSolution
		SolutionGuid = {0513C358-3502-441A-AE90-8CFE63A1A8C6}
	EndGlobalSection
EndGlobal
